
Microsoft Visual Studio Solution File, Format Version 12.00
# Visual Studio Version 17
VisualStudioVersion = 17.4.33403.182
MinimumVisualStudioVersion = 10.0.40219.1
Project("{F184B08F-C81C-45F6-A57F-5ABD9991F28F}") = "SIFACToEDC", "SIFACToEDC.vbproj", "{8BCE3035-AF56-4B2D-AEAB-CD0B965E21E6}"
EndProject
Global
	GlobalSection(SolutionConfigurationPlatforms) = preSolution
		Debug|Any CPU = Debug|Any CPU
		Release|Any CPU = Release|Any CPU
	EndGlobalSection
	GlobalSection(ProjectConfigurationPlatforms) = postSolution
		{8BCE3035-AF56-4B2D-AEAB-CD0B965E21E6}.Debug|Any CPU.ActiveCfg = Debug|Any CPU
		{8BCE3035-AF56-4B2D-AEAB-CD0B965E21E6}.Debug|Any CPU.Build.0 = Debug|Any CPU
		{8BCE3035-AF56-4B2D-AEAB-CD0B965E21E6}.Release|Any CPU.ActiveCfg = Release|Any CPU
		{8BCE3035-AF56-4B2D-AEAB-CD0B965E21E6}.Release|Any CPU.Build.0 = Release|Any CPU
	EndGlobalSection
	GlobalSection(SolutionProperties) = preSolution
		HideSolutionNode = FALSE
	EndGlobalSection
	GlobalSection(ExtensibilityGlobals) = postSolution
		SolutionGuid = {68504018-B269-466E-B5E9-C8A2AA1F2DCE}
	EndGlobalSection
EndGlobal
